
Microsoft Visual Studio Solution File, Format Version 12.00
# Visual Studio 14
VisualStudioVersion = 14.0.25123.0
MinimumVisualStudioVersion = 10.0.40219.1
Project("{FAE04EC0-301F-11D3-BF4B-00C04F79EFBC}") = "applicationMigrations", "applicationMigrations\applicationMigrations.csproj", "{168A324C-46E6-43A1-B2AC-0A8767A38F95}"
EndProject
Project("{FAE04EC0-301F-11D3-BF4B-00C04F79EFBC}") = "applicationMigrations.Tests", "applicationMigrations.Tests\applicationMigrations.Tests.csproj", "{D1F62A45-D54F-4F1B-B57B-BA81994797D0}"
EndProject
Global
	GlobalSection(SolutionConfigurationPlatforms) = preSolution
		Debug|Any CPU = Debug|Any CPU
		Release|Any CPU = Release|Any CPU
	EndGlobalSection
	GlobalSection(ProjectConfigurationPlatforms) = postSolution
		{168A324C-46E6-43A1-B2AC-0A8767A38F95}.Debug|Any CPU.ActiveCfg = Debug|Any CPU
		{168A324C-46E6-43A1-B2AC-0A8767A38F95}.Debug|Any CPU.Build.0 = Debug|Any CPU
		{168A324C-46E6-43A1-B2AC-0A8767A38F95}.Release|Any CPU.ActiveCfg = Release|Any CPU
		{168A324C-46E6-43A1-B2AC-0A8767A38F95}.Release|Any CPU.Build.0 = Release|Any CPU
		{D1F62A45-D54F-4F1B-B57B-BA81994797D0}.Debug|Any CPU.ActiveCfg = Debug|Any CPU
		{D1F62A45-D54F-4F1B-B57B-BA81994797D0}.Debug|Any CPU.Build.0 = Debug|Any CPU
		{D1F62A45-D54F-4F1B-B57B-BA81994797D0}.Release|Any CPU.ActiveCfg = Release|Any CPU
		{D1F62A45-D54F-4F1B-B57B-BA81994797D0}.Release|Any CPU.Build.0 = Release|Any CPU
	EndGlobalSection
	GlobalSection(SolutionProperties) = preSolution
		HideSolutionNode = FALSE
	EndGlobalSection
EndGlobal
