
Microsoft Visual Studio Solution File, Format Version 12.00
# Visual Studio 14
VisualStudioVersion = 14.0.25123.0
MinimumVisualStudioVersion = 10.0.40219.1
Project("{FAE04EC0-301F-11D3-BF4B-00C04F79EFBC}") = "eTickets", "eTickets\eTickets.csproj", "{43BCA070-CEB2-44F3-B0AA-9F26C293063C}"
EndProject
Global
	GlobalSection(SolutionConfigurationPlatforms) = preSolution
		Debug|Any CPU = Debug|Any CPU
		Release|Any CPU = Release|Any CPU
	EndGlobalSection
	GlobalSection(ProjectConfigurationPlatforms) = postSolution
		{43BCA070-CEB2-44F3-B0AA-9F26C293063C}.Debug|Any CPU.ActiveCfg = Debug|Any CPU
		{43BCA070-CEB2-44F3-B0AA-9F26C293063C}.Debug|Any CPU.Build.0 = Debug|Any CPU
		{43BCA070-CEB2-44F3-B0AA-9F26C293063C}.Release|Any CPU.ActiveCfg = Release|Any CPU
		{43BCA070-CEB2-44F3-B0AA-9F26C293063C}.Release|Any CPU.Build.0 = Release|Any CPU
	EndGlobalSection
	GlobalSection(SolutionProperties) = preSolution
		HideSolutionNode = FALSE
	EndGlobalSection
EndGlobal
