
Microsoft Visual Studio Solution File, Format Version 12.00
# Visual Studio 14
VisualStudioVersion = 14.0.25123.0
MinimumVisualStudioVersion = 10.0.40219.1
Project("{FAE04EC0-301F-11D3-BF4B-00C04F79EFBC}") = "small_application", "small_application\small_application.csproj", "{ADD96B4A-B102-42D7-AF69-0AC85E2D4480}"
EndProject
Global
	GlobalSection(SolutionConfigurationPlatforms) = preSolution
		Debug|Any CPU = Debug|Any CPU
		Release|Any CPU = Release|Any CPU
	EndGlobalSection
	GlobalSection(ProjectConfigurationPlatforms) = postSolution
		{ADD96B4A-B102-42D7-AF69-0AC85E2D4480}.Debug|Any CPU.ActiveCfg = Debug|Any CPU
		{ADD96B4A-B102-42D7-AF69-0AC85E2D4480}.Debug|Any CPU.Build.0 = Debug|Any CPU
		{ADD96B4A-B102-42D7-AF69-0AC85E2D4480}.Release|Any CPU.ActiveCfg = Release|Any CPU
		{ADD96B4A-B102-42D7-AF69-0AC85E2D4480}.Release|Any CPU.Build.0 = Release|Any CPU
	EndGlobalSection
	GlobalSection(SolutionProperties) = preSolution
		HideSolutionNode = FALSE
	EndGlobalSection
EndGlobal
